// !$*UTF8*$!
{
	archiveVersion = 1;
	classes = {
	};
	objectVersion = 56;
	objects = {

/* Begin PBXBuildFile section */
		967A9B462C3FB80A00632E9D /* DemoAppDelegate.swift in Sources */ = {isa = PBXBuildFile; fileRef = 967A9B452C3FB80A00632E9D /* DemoAppDelegate.swift */; };
		967A9B482C3FB86100632E9D /* LLMDemoChatView.swift in Sources */ = {isa = PBXBuildFile; fileRef = 967A9B472C3FB86100632E9D /* LLMDemoChatView.swift */; };
		968FFF482C3FA578001E1A66 /* spezillm_demoApp.swift in Sources */ = {isa = PBXBuildFile; fileRef = 968FFF472C3FA578001E1A66 /* spezillm_demoApp.swift */; };
		968FFF4C2C3FA57B001E1A66 /* Assets.xcassets in Resources */ = {isa = PBXBuildFile; fileRef = 968FFF4B2C3FA57B001E1A66 /* Assets.xcassets */; };
		968FFF4F2C3FA57B001E1A66 /* Preview Assets.xcassets in Resources */ = {isa = PBXBuildFile; fileRef = 968FFF4E2C3FA57B001E1A66 /* Preview Assets.xcassets */; };
		968FFF592C3FA57C001E1A66 /* spezillm_demoTests.swift in Sources */ = {isa = PBXBuildFile; fileRef = 968FFF582C3FA57C001E1A66 /* spezillm_demoTests.swift */; };
		968FFF632C3FA57C001E1A66 /* spezillm_demoUITests.swift in Sources */ = {isa = PBXBuildFile; fileRef = 968FFF622C3FA57C001E1A66 /* spezillm_demoUITests.swift */; };
		968FFF652C3FA57C001E1A66 /* spezillm_demoUITestsLaunchTests.swift in Sources */ = {isa = PBXBuildFile; fileRef = 968FFF642C3FA57C001E1A66 /* spezillm_demoUITestsLaunchTests.swift */; };
		968FFF732C3FA664001E1A66 /* SpeziLLM in Frameworks */ = {isa = PBXBuildFile; productRef = 968FFF722C3FA664001E1A66 /* SpeziLLM */; };
		968FFF752C3FA664001E1A66 /* SpeziLLMFog in Frameworks */ = {isa = PBXBuildFile; productRef = 968FFF742C3FA664001E1A66 /* SpeziLLMFog */; };
		968FFF772C3FA664001E1A66 /* SpeziLLMLocal in Frameworks */ = {isa = PBXBuildFile; productRef = 968FFF762C3FA664001E1A66 /* SpeziLLMLocal */; };
		968FFF792C3FA664001E1A66 /* SpeziLLMLocalDownload in Frameworks */ = {isa = PBXBuildFile; productRef = 968FFF782C3FA664001E1A66 /* SpeziLLMLocalDownload */; };
		968FFF7B2C3FA664001E1A66 /* SpeziLLMOpenAI in Frameworks */ = {isa = PBXBuildFile; productRef = 968FFF7A2C3FA664001E1A66 /* SpeziLLMOpenAI */; };
		96DD9F482C4031D100730F00 /* LLMLocalOnboardingDownloadView.swift in Sources */ = {isa = PBXBuildFile; fileRef = 96DD9F472C4031D100730F00 /* LLMLocalOnboardingDownloadView.swift */; };
		96DD9F4C2C40602D00730F00 /* FileManagerExtension.swift in Sources */ = {isa = PBXBuildFile; fileRef = 96DD9F4B2C40602D00730F00 /* FileManagerExtension.swift */; };
/* End PBXBuildFile section */

/* Begin PBXContainerItemProxy section */
		968FFF552C3FA57C001E1A66 /* PBXContainerItemProxy */ = {
			isa = PBXContainerItemProxy;
			containerPortal = 968FFF3C2C3FA578001E1A66 /* Project object */;
			proxyType = 1;
			remoteGlobalIDString = 968FFF432C3FA578001E1A66;
			remoteInfo = spezillm_demo;
		};
		968FFF5F2C3FA57C001E1A66 /* PBXContainerItemProxy */ = {
			isa = PBXContainerItemProxy;
			containerPortal = 968FFF3C2C3FA578001E1A66 /* Project object */;
			proxyType = 1;
			remoteGlobalIDString = 968FFF432C3FA578001E1A66;
			remoteInfo = spezillm_demo;
		};
/* End PBXContainerItemProxy section */

/* Begin PBXFileReference section */
		967A9B452C3FB80A00632E9D /* DemoAppDelegate.swift */ = {isa = PBXFileReference; lastKnownFileType = sourcecode.swift; path = DemoAppDelegate.swift; sourceTree = "<group>"; };
		967A9B472C3FB86100632E9D /* LLMDemoChatView.swift */ = {isa = PBXFileReference; lastKnownFileType = sourcecode.swift; path = LLMDemoChatView.swift; sourceTree = "<group>"; };
		968FFF442C3FA578001E1A66 /* spezillm_demo.app */ = {isa = PBXFileReference; explicitFileType = wrapper.application; includeInIndex = 0; path = spezillm_demo.app; sourceTree = BUILT_PRODUCTS_DIR; };
		968FFF472C3FA578001E1A66 /* spezillm_demoApp.swift */ = {isa = PBXFileReference; lastKnownFileType = sourcecode.swift; path = spezillm_demoApp.swift; sourceTree = "<group>"; };
		968FFF4B2C3FA57B001E1A66 /* Assets.xcassets */ = {isa = PBXFileReference; lastKnownFileType = folder.assetcatalog; path = Assets.xcassets; sourceTree = "<group>"; };
		968FFF4E2C3FA57B001E1A66 /* Preview Assets.xcassets */ = {isa = PBXFileReference; lastKnownFileType = folder.assetcatalog; path = "Preview Assets.xcassets"; sourceTree = "<group>"; };
		968FFF542C3FA57C001E1A66 /* spezillm_demoTests.xctest */ = {isa = PBXFileReference; explicitFileType = wrapper.cfbundle; includeInIndex = 0; path = spezillm_demoTests.xctest; sourceTree = BUILT_PRODUCTS_DIR; };
		968FFF582C3FA57C001E1A66 /* spezillm_demoTests.swift */ = {isa = PBXFileReference; lastKnownFileType = sourcecode.swift; path = spezillm_demoTests.swift; sourceTree = "<group>"; };
		968FFF5E2C3FA57C001E1A66 /* spezillm_demoUITests.xctest */ = {isa = PBXFileReference; explicitFileType = wrapper.cfbundle; includeInIndex = 0; path = spezillm_demoUITests.xctest; sourceTree = BUILT_PRODUCTS_DIR; };
		968FFF622C3FA57C001E1A66 /* spezillm_demoUITests.swift */ = {isa = PBXFileReference; lastKnownFileType = sourcecode.swift; path = spezillm_demoUITests.swift; sourceTree = "<group>"; };
		968FFF642C3FA57C001E1A66 /* spezillm_demoUITestsLaunchTests.swift */ = {isa = PBXFileReference; lastKnownFileType = sourcecode.swift; path = spezillm_demoUITestsLaunchTests.swift; sourceTree = "<group>"; };
		96DD9F472C4031D100730F00 /* LLMLocalOnboardingDownloadView.swift */ = {isa = PBXFileReference; lastKnownFileType = sourcecode.swift; path = LLMLocalOnboardingDownloadView.swift; sourceTree = "<group>"; };
		96DD9F4B2C40602D00730F00 /* FileManagerExtension.swift */ = {isa = PBXFileReference; lastKnownFileType = sourcecode.swift; path = FileManagerExtension.swift; sourceTree = "<group>"; };
/* End PBXFileReference section */

/* Begin PBXFrameworksBuildPhase section */
		968FFF412C3FA578001E1A66 /* Frameworks */ = {
			isa = PBXFrameworksBuildPhase;
			buildActionMask = 2147483647;
			files = (
				968FFF792C3FA664001E1A66 /* SpeziLLMLocalDownload in Frameworks */,
				968FFF772C3FA664001E1A66 /* SpeziLLMLocal in Frameworks */,
				968FFF732C3FA664001E1A66 /* SpeziLLM in Frameworks */,
				968FFF7B2C3FA664001E1A66 /* SpeziLLMOpenAI in Frameworks */,
				968FFF752C3FA664001E1A66 /* SpeziLLMFog in Frameworks */,
			);
			runOnlyForDeploymentPostprocessing = 0;
		};
		968FFF512C3FA57C001E1A66 /* Frameworks */ = {
			isa = PBXFrameworksBuildPhase;
			buildActionMask = 2147483647;
			files = (
			);
			runOnlyForDeploymentPostprocessing = 0;
		};
		968FFF5B2C3FA57C001E1A66 /* Frameworks */ = {
			isa = PBXFrameworksBuildPhase;
			buildActionMask = 2147483647;
			files = (
			);
			runOnlyForDeploymentPostprocessing = 0;
		};
/* End PBXFrameworksBuildPhase section */

/* Begin PBXGroup section */
		968FFF3B2C3FA578001E1A66 = {
			isa = PBXGroup;
			children = (
				968FFF462C3FA578001E1A66 /* spezillm_demo */,
				968FFF572C3FA57C001E1A66 /* spezillm_demoTests */,
				968FFF612C3FA57C001E1A66 /* spezillm_demoUITests */,
				968FFF452C3FA578001E1A66 /* Products */,
			);
			sourceTree = "<group>";
		};
		968FFF452C3FA578001E1A66 /* Products */ = {
			isa = PBXGroup;
			children = (
				968FFF442C3FA578001E1A66 /* spezillm_demo.app */,
				968FFF542C3FA57C001E1A66 /* spezillm_demoTests.xctest */,
				968FFF5E2C3FA57C001E1A66 /* spezillm_demoUITests.xctest */,
			);
			name = Products;
			sourceTree = "<group>";
		};
		968FFF462C3FA578001E1A66 /* spezillm_demo */ = {
			isa = PBXGroup;
			children = (
				968FFF472C3FA578001E1A66 /* spezillm_demoApp.swift */,
				968FFF4B2C3FA57B001E1A66 /* Assets.xcassets */,
				968FFF4D2C3FA57B001E1A66 /* Preview Content */,
				967A9B452C3FB80A00632E9D /* DemoAppDelegate.swift */,
				967A9B472C3FB86100632E9D /* LLMDemoChatView.swift */,
				96DD9F472C4031D100730F00 /* LLMLocalOnboardingDownloadView.swift */,
				96DD9F4B2C40602D00730F00 /* FileManagerExtension.swift */,
			);
			path = spezillm_demo;
			sourceTree = "<group>";
		};
		968FFF4D2C3FA57B001E1A66 /* Preview Content */ = {
			isa = PBXGroup;
			children = (
				968FFF4E2C3FA57B001E1A66 /* Preview Assets.xcassets */,
			);
			path = "Preview Content";
			sourceTree = "<group>";
		};
		968FFF572C3FA57C001E1A66 /* spezillm_demoTests */ = {
			isa = PBXGroup;
			children = (
				968FFF582C3FA57C001E1A66 /* spezillm_demoTests.swift */,
			);
			path = spezillm_demoTests;
			sourceTree = "<group>";
		};
		968FFF612C3FA57C001E1A66 /* spezillm_demoUITests */ = {
			isa = PBXGroup;
			children = (
				968FFF622C3FA57C001E1A66 /* spezillm_demoUITests.swift */,
				968FFF642C3FA57C001E1A66 /* spezillm_demoUITestsLaunchTests.swift */,
			);
			path = spezillm_demoUITests;
			sourceTree = "<group>";
		};
/* End PBXGroup section */

/* Begin PBXNativeTarget section */
		968FFF432C3FA578001E1A66 /* spezillm_demo */ = {
			isa = PBXNativeTarget;
			buildConfigurationList = 968FFF682C3FA57C001E1A66 /* Build configuration list for PBXNativeTarget "spezillm_demo" */;
			buildPhases = (
				968FFF402C3FA578001E1A66 /* Sources */,
				968FFF412C3FA578001E1A66 /* Frameworks */,
				968FFF422C3FA578001E1A66 /* Resources */,
			);
			buildRules = (
			);
			dependencies = (
			);
			name = spezillm_demo;
			packageProductDependencies = (
				968FFF722C3FA664001E1A66 /* SpeziLLM */,
				968FFF742C3FA664001E1A66 /* SpeziLLMFog */,
				968FFF762C3FA664001E1A66 /* SpeziLLMLocal */,
				968FFF782C3FA664001E1A66 /* SpeziLLMLocalDownload */,
				968FFF7A2C3FA664001E1A66 /* SpeziLLMOpenAI */,
			);
			productName = spezillm_demo;
			productReference = 968FFF442C3FA578001E1A66 /* spezillm_demo.app */;
			productType = "com.apple.product-type.application";
		};
		968FFF532C3FA57C001E1A66 /* spezillm_demoTests */ = {
			isa = PBXNativeTarget;
			buildConfigurationList = 968FFF6B2C3FA57C001E1A66 /* Build configuration list for PBXNativeTarget "spezillm_demoTests" */;
			buildPhases = (
				968FFF502C3FA57C001E1A66 /* Sources */,
				968FFF512C3FA57C001E1A66 /* Frameworks */,
				968FFF522C3FA57C001E1A66 /* Resources */,
			);
			buildRules = (
			);
			dependencies = (
				968FFF562C3FA57C001E1A66 /* PBXTargetDependency */,
			);
			name = spezillm_demoTests;
			productName = spezillm_demoTests;
			productReference = 968FFF542C3FA57C001E1A66 /* spezillm_demoTests.xctest */;
			productType = "com.apple.product-type.bundle.unit-test";
		};
		968FFF5D2C3FA57C001E1A66 /* spezillm_demoUITests */ = {
			isa = PBXNativeTarget;
			buildConfigurationList = 968FFF6E2C3FA57C001E1A66 /* Build configuration list for PBXNativeTarget "spezillm_demoUITests" */;
			buildPhases = (
				968FFF5A2C3FA57C001E1A66 /* Sources */,
				968FFF5B2C3FA57C001E1A66 /* Frameworks */,
				968FFF5C2C3FA57C001E1A66 /* Resources */,
			);
			buildRules = (
			);
			dependencies = (
				968FFF602C3FA57C001E1A66 /* PBXTargetDependency */,
			);
			name = spezillm_demoUITests;
			productName = spezillm_demoUITests;
			productReference = 968FFF5E2C3FA57C001E1A66 /* spezillm_demoUITests.xctest */;
			productType = "com.apple.product-type.bundle.ui-testing";
		};
/* End PBXNativeTarget section */

/* Begin PBXProject section */
		968FFF3C2C3FA578001E1A66 /* Project object */ = {
			isa = PBXProject;
			attributes = {
				BuildIndependentTargetsInParallel = 1;
				LastSwiftUpdateCheck = 1540;
				LastUpgradeCheck = 1540;
				TargetAttributes = {
					968FFF432C3FA578001E1A66 = {
						CreatedOnToolsVersion = 15.4;
					};
					968FFF532C3FA57C001E1A66 = {
						CreatedOnToolsVersion = 15.4;
						TestTargetID = 968FFF432C3FA578001E1A66;
					};
					968FFF5D2C3FA57C001E1A66 = {
						CreatedOnToolsVersion = 15.4;
						TestTargetID = 968FFF432C3FA578001E1A66;
					};
				};
			};
			buildConfigurationList = 968FFF3F2C3FA578001E1A66 /* Build configuration list for PBXProject "spezillm_demo" */;
			compatibilityVersion = "Xcode 14.0";
			developmentRegion = en;
			hasScannedForEncodings = 0;
			knownRegions = (
				en,
				Base,
			);
			mainGroup = 968FFF3B2C3FA578001E1A66;
			packageReferences = (
				968FFF712C3FA664001E1A66 /* XCRemoteSwiftPackageReference "SpeziLLM" */,
			);
			productRefGroup = 968FFF452C3FA578001E1A66 /* Products */;
			projectDirPath = "";
			projectRoot = "";
			targets = (
				968FFF432C3FA578001E1A66 /* spezillm_demo */,
				968FFF532C3FA57C001E1A66 /* spezillm_demoTests */,
				968FFF5D2C3FA57C001E1A66 /* spezillm_demoUITests */,
			);
		};
/* End PBXProject section */

/* Begin PBXResourcesBuildPhase section */
		968FFF422C3FA578001E1A66 /* Resources */ = {
			isa = PBXResourcesBuildPhase;
			buildActionMask = 2147483647;
			files = (
				968FFF4F2C3FA57B001E1A66 /* Preview Assets.xcassets in Resources */,
				968FFF4C2C3FA57B001E1A66 /* Assets.xcassets in Resources */,
			);
			runOnlyForDeploymentPostprocessing = 0;
		};
		968FFF522C3FA57C001E1A66 /* Resources */ = {
			isa = PBXResourcesBuildPhase;
			buildActionMask = 2147483647;
			files = (
			);
			runOnlyForDeploymentPostprocessing = 0;
		};
		968FFF5C2C3FA57C001E1A66 /* Resources */ = {
			isa = PBXResourcesBuildPhase;
			buildActionMask = 2147483647;
			files = (
			);
			runOnlyForDeploymentPostprocessing = 0;
		};
/* End PBXResourcesBuildPhase section */

/* Begin PBXSourcesBuildPhase section */
		968FFF402C3FA578001E1A66 /* Sources */ = {
			isa = PBXSourcesBuildPhase;
			buildActionMask = 2147483647;
			files = (
				96DD9F4C2C40602D00730F00 /* FileManagerExtension.swift in Sources */,
				968FFF482C3FA578001E1A66 /* spezillm_demoApp.swift in Sources */,
				967A9B482C3FB86100632E9D /* LLMDemoChatView.swift in Sources */,
				96DD9F482C4031D100730F00 /* LLMLocalOnboardingDownloadView.swift in Sources */,
				967A9B462C3FB80A00632E9D /* DemoAppDelegate.swift in Sources */,
			);
			runOnlyForDeploymentPostprocessing = 0;
		};
		968FFF502C3FA57C001E1A66 /* Sources */ = {
			isa = PBXSourcesBuildPhase;
			buildActionMask = 2147483647;
			files = (
				968FFF592C3FA57C001E1A66 /* spezillm_demoTests.swift in Sources */,
			);
			runOnlyForDeploymentPostprocessing = 0;
		};
		968FFF5A2C3FA57C001E1A66 /* Sources */ = {
			isa = PBXSourcesBuildPhase;
			buildActionMask = 2147483647;
			files = (
				968FFF632C3FA57C001E1A66 /* spezillm_demoUITests.swift in Sources */,
				968FFF652C3FA57C001E1A66 /* spezillm_demoUITestsLaunchTests.swift in Sources */,
			);
			runOnlyForDeploymentPostprocessing = 0;
		};
/* End PBXSourcesBuildPhase section */

/* Begin PBXTargetDependency section */
		968FFF562C3FA57C001E1A66 /* PBXTargetDependency */ = {
			isa = PBXTargetDependency;
			target = 968FFF432C3FA578001E1A66 /* spezillm_demo */;
			targetProxy = 968FFF552C3FA57C001E1A66 /* PBXContainerItemProxy */;
		};
		968FFF602C3FA57C001E1A66 /* PBXTargetDependency */ = {
			isa = PBXTargetDependency;
			target = 968FFF432C3FA578001E1A66 /* spezillm_demo */;
			targetProxy = 968FFF5F2C3FA57C001E1A66 /* PBXContainerItemProxy */;
		};
/* End PBXTargetDependency section */

/* Begin XCBuildConfiguration section */
		968FFF662C3FA57C001E1A66 /* Debug */ = {
			isa = XCBuildConfiguration;
			buildSettings = {
				ALWAYS_SEARCH_USER_PATHS = NO;
				ASSETCATALOG_COMPILER_GENERATE_SWIFT_ASSET_SYMBOL_EXTENSIONS = YES;
				CLANG_ANALYZER_NONNULL = YES;
				CLANG_ANALYZER_NUMBER_OBJECT_CONVERSION = YES_AGGRESSIVE;
				CLANG_CXX_LANGUAGE_STANDARD = "gnu++20";
				CLANG_ENABLE_MODULES = YES;
				CLANG_ENABLE_OBJC_ARC = YES;
				CLANG_ENABLE_OBJC_WEAK = YES;
				CLANG_WARN_BLOCK_CAPTURE_AUTORELEASING = YES;
				CLANG_WARN_BOOL_CONVERSION = YES;
				CLANG_WARN_COMMA = YES;
				CLANG_WARN_CONSTANT_CONVERSION = YES;
				CLANG_WARN_DEPRECATED_OBJC_IMPLEMENTATIONS = YES;
				CLANG_WARN_DIRECT_OBJC_ISA_USAGE = YES_ERROR;
				CLANG_WARN_DOCUMENTATION_COMMENTS = YES;
				CLANG_WARN_EMPTY_BODY = YES;
				CLANG_WARN_ENUM_CONVERSION = YES;
				CLANG_WARN_INFINITE_RECURSION = YES;
				CLANG_WARN_INT_CONVERSION = YES;
				CLANG_WARN_NON_LITERAL_NULL_CONVERSION = YES;
				CLANG_WARN_OBJC_IMPLICIT_RETAIN_SELF = YES;
				CLANG_WARN_OBJC_LITERAL_CONVERSION = YES;
				CLANG_WARN_OBJC_ROOT_CLASS = YES_ERROR;
				CLANG_WARN_QUOTED_INCLUDE_IN_FRAMEWORK_HEADER = YES;
				CLANG_WARN_RANGE_LOOP_ANALYSIS = YES;
				CLANG_WARN_STRICT_PROTOTYPES = YES;
				CLANG_WARN_SUSPICIOUS_MOVE = YES;
				CLANG_WARN_UNGUARDED_AVAILABILITY = YES_AGGRESSIVE;
				CLANG_WARN_UNREACHABLE_CODE = YES;
				CLANG_WARN__DUPLICATE_METHOD_MATCH = YES;
				COPY_PHASE_STRIP = NO;
				DEBUG_INFORMATION_FORMAT = dwarf;
				ENABLE_STRICT_OBJC_MSGSEND = YES;
				ENABLE_TESTABILITY = YES;
				ENABLE_USER_SCRIPT_SANDBOXING = YES;
				GCC_C_LANGUAGE_STANDARD = gnu17;
				GCC_DYNAMIC_NO_PIC = NO;
				GCC_NO_COMMON_BLOCKS = YES;
				GCC_OPTIMIZATION_LEVEL = 0;
				GCC_PREPROCESSOR_DEFINITIONS = (
					"DEBUG=1",
					"$(inherited)",
				);
				GCC_WARN_64_TO_32_BIT_CONVERSION = YES;
				GCC_WARN_ABOUT_RETURN_TYPE = YES_ERROR;
				GCC_WARN_UNDECLARED_SELECTOR = YES;
				GCC_WARN_UNINITIALIZED_AUTOS = YES_AGGRESSIVE;
				GCC_WARN_UNUSED_FUNCTION = YES;
				GCC_WARN_UNUSED_VARIABLE = YES;
				IPHONEOS_DEPLOYMENT_TARGET = 17.5;
				LOCALIZATION_PREFERS_STRING_CATALOGS = YES;
				MTL_ENABLE_DEBUG_INFO = INCLUDE_SOURCE;
				MTL_FAST_MATH = YES;
				ONLY_ACTIVE_ARCH = YES;
				SDKROOT = iphoneos;
				SWIFT_ACTIVE_COMPILATION_CONDITIONS = "DEBUG $(inherited)";
				SWIFT_OPTIMIZATION_LEVEL = "-Onone";
			};
			name = Debug;
		};
		968FFF672C3FA57C001E1A66 /* Release */ = {
			isa = XCBuildConfiguration;
			buildSettings = {
				ALWAYS_SEARCH_USER_PATHS = NO;
				ASSETCATALOG_COMPILER_GENERATE_SWIFT_ASSET_SYMBOL_EXTENSIONS = YES;
				CLANG_ANALYZER_NONNULL = YES;
				CLANG_ANALYZER_NUMBER_OBJECT_CONVERSION = YES_AGGRESSIVE;
				CLANG_CXX_LANGUAGE_STANDARD = "gnu++20";
				CLANG_ENABLE_MODULES = YES;
				CLANG_ENABLE_OBJC_ARC = YES;
				CLANG_ENABLE_OBJC_WEAK = YES;
				CLANG_WARN_BLOCK_CAPTURE_AUTORELEASING = YES;
				CLANG_WARN_BOOL_CONVERSION = YES;
				CLANG_WARN_COMMA = YES;
				CLANG_WARN_CONSTANT_CONVERSION = YES;
				CLANG_WARN_DEPRECATED_OBJC_IMPLEMENTATIONS = YES;
				CLANG_WARN_DIRECT_OBJC_ISA_USAGE = YES_ERROR;
				CLANG_WARN_DOCUMENTATION_COMMENTS = YES;
				CLANG_WARN_EMPTY_BODY = YES;
				CLANG_WARN_ENUM_CONVERSION = YES;
				CLANG_WARN_INFINITE_RECURSION = YES;
				CLANG_WARN_INT_CONVERSION = YES;
				CLANG_WARN_NON_LITERAL_NULL_CONVERSION = YES;
				CLANG_WARN_OBJC_IMPLICIT_RETAIN_SELF = YES;
				CLANG_WARN_OBJC_LITERAL_CONVERSION = YES;
				CLANG_WARN_OBJC_ROOT_CLASS = YES_ERROR;
				CLANG_WARN_QUOTED_INCLUDE_IN_FRAMEWORK_HEADER = YES;
				CLANG_WARN_RANGE_LOOP_ANALYSIS = YES;
				CLANG_WARN_STRICT_PROTOTYPES = YES;
				CLANG_WARN_SUSPICIOUS_MOVE = YES;
				CLANG_WARN_UNGUARDED_AVAILABILITY = YES_AGGRESSIVE;
				CLANG_WARN_UNREACHABLE_CODE = YES;
				CLANG_WARN__DUPLICATE_METHOD_MATCH = YES;
				COPY_PHASE_STRIP = NO;
				DEBUG_INFORMATION_FORMAT = "dwarf-with-dsym";
				ENABLE_NS_ASSERTIONS = NO;
				ENABLE_STRICT_OBJC_MSGSEND = YES;
				ENABLE_USER_SCRIPT_SANDBOXING = YES;
				GCC_C_LANGUAGE_STANDARD = gnu17;
				GCC_NO_COMMON_BLOCKS = YES;
				GCC_WARN_64_TO_32_BIT_CONVERSION = YES;
				GCC_WARN_ABOUT_RETURN_TYPE = YES_ERROR;
				GCC_WARN_UNDECLARED_SELECTOR = YES;
				GCC_WARN_UNINITIALIZED_AUTOS = YES_AGGRESSIVE;
				GCC_WARN_UNUSED_FUNCTION = YES;
				GCC_WARN_UNUSED_VARIABLE = YES;
				IPHONEOS_DEPLOYMENT_TARGET = 17.5;
				LOCALIZATION_PREFERS_STRING_CATALOGS = YES;
				MTL_ENABLE_DEBUG_INFO = NO;
				MTL_FAST_MATH = YES;
				SDKROOT = iphoneos;
				SWIFT_COMPILATION_MODE = wholemodule;
				VALIDATE_PRODUCT = YES;
			};
			name = Release;
		};
		968FFF692C3FA57C001E1A66 /* Debug */ = {
			isa = XCBuildConfiguration;
			buildSettings = {
				ASSETCATALOG_COMPILER_APPICON_NAME = AppIcon;
				ASSETCATALOG_COMPILER_GLOBAL_ACCENT_COLOR_NAME = AccentColor;
				CODE_SIGN_STYLE = Automatic;
				CURRENT_PROJECT_VERSION = 1;
				DEVELOPMENT_ASSET_PATHS = "\"spezillm_demo/Preview Content\"";
				DEVELOPMENT_TEAM = ZJNPXJSH76;
				ENABLE_PREVIEWS = YES;
				GENERATE_INFOPLIST_FILE = YES;
				INFOPLIST_KEY_UIApplicationSceneManifest_Generation = YES;
				INFOPLIST_KEY_UIApplicationSupportsIndirectInputEvents = YES;
				INFOPLIST_KEY_UILaunchScreen_Generation = YES;
				INFOPLIST_KEY_UISupportedInterfaceOrientations_iPad = "UIInterfaceOrientationPortrait UIInterfaceOrientationPortraitUpsideDown UIInterfaceOrientationLandscapeLeft UIInterfaceOrientationLandscapeRight";
				INFOPLIST_KEY_UISupportedInterfaceOrientations_iPhone = "UIInterfaceOrientationPortrait UIInterfaceOrientationLandscapeLeft UIInterfaceOrientationLandscapeRight";
				LD_RUNPATH_SEARCH_PATHS = (
					"$(inherited)",
					"@executable_path/Frameworks",
				);
				MARKETING_VERSION = 1.0;
				PRODUCT_BUNDLE_IDENTIFIER = "lion.spezillm-demo";
				PRODUCT_NAME = "$(TARGET_NAME)";
				SWIFT_EMIT_LOC_STRINGS = YES;
				SWIFT_OBJC_INTEROP_MODE = objcxx;
				SWIFT_VERSION = 5.0;
				TARGETED_DEVICE_FAMILY = "1,2";
			};
			name = Debug;
		};
		968FFF6A2C3FA57C001E1A66 /* Release */ = {
			isa = XCBuildConfiguration;
			buildSettings = {
				ASSETCATALOG_COMPILER_APPICON_NAME = AppIcon;
				ASSETCATALOG_COMPILER_GLOBAL_ACCENT_COLOR_NAME = AccentColor;
				CODE_SIGN_STYLE = Automatic;
				CURRENT_PROJECT_VERSION = 1;
				DEVELOPMENT_ASSET_PATHS = "\"spezillm_demo/Preview Content\"";
				DEVELOPMENT_TEAM = ZJNPXJSH76;
				ENABLE_PREVIEWS = YES;
				GENERATE_INFOPLIST_FILE = YES;
				INFOPLIST_KEY_UIApplicationSceneManifest_Generation = YES;
				INFOPLIST_KEY_UIApplicationSupportsIndirectInputEvents = YES;
				INFOPLIST_KEY_UILaunchScreen_Generation = YES;
				INFOPLIST_KEY_UISupportedInterfaceOrientations_iPad = "UIInterfaceOrientationPortrait UIInterfaceOrientationPortraitUpsideDown UIInterfaceOrientationLandscapeLeft UIInterfaceOrientationLandscapeRight";
				INFOPLIST_KEY_UISupportedInterfaceOrientations_iPhone = "UIInterfaceOrientationPortrait UIInterfaceOrientationLandscapeLeft UIInterfaceOrientationLandscapeRight";
				LD_RUNPATH_SEARCH_PATHS = (
					"$(inherited)",
					"@executable_path/Frameworks",
				);
				MARKETING_VERSION = 1.0;
				PRODUCT_BUNDLE_IDENTIFIER = "lion.spezillm-demo";
				PRODUCT_NAME = "$(TARGET_NAME)";
				SWIFT_EMIT_LOC_STRINGS = YES;
				SWIFT_OBJC_INTEROP_MODE = objcxx;
				SWIFT_VERSION = 5.0;
				TARGETED_DEVICE_FAMILY = "1,2";
			};
			name = Release;
		};
		968FFF6C2C3FA57C001E1A66 /* Debug */ = {
			isa = XCBuildConfiguration;
			buildSettings = {
				ALWAYS_EMBED_SWIFT_STANDARD_LIBRARIES = YES;
				BUNDLE_LOADER = "$(TEST_HOST)";
				CODE_SIGN_STYLE = Automatic;
				CURRENT_PROJECT_VERSION = 1;
				DEVELOPMENT_TEAM = ZJNPXJSH76;
				GENERATE_INFOPLIST_FILE = YES;
				IPHONEOS_DEPLOYMENT_TARGET = 17.5;
				MARKETING_VERSION = 1.0;
				PRODUCT_BUNDLE_IDENTIFIER = "lion.spezillm-demoTests";
				PRODUCT_NAME = "$(TARGET_NAME)";
				SWIFT_EMIT_LOC_STRINGS = NO;
				SWIFT_VERSION = 5.0;
				TARGETED_DEVICE_FAMILY = "1,2";
				TEST_HOST = "$(BUILT_PRODUCTS_DIR)/spezillm_demo.app/$(BUNDLE_EXECUTABLE_FOLDER_PATH)/spezillm_demo";
			};
			name = Debug;
		};
		968FFF6D2C3FA57C001E1A66 /* Release */ = {
			isa = XCBuildConfiguration;
			buildSettings = {
				ALWAYS_EMBED_SWIFT_STANDARD_LIBRARIES = YES;
				BUNDLE_LOADER = "$(TEST_HOST)";
				CODE_SIGN_STYLE = Automatic;
				CURRENT_PROJECT_VERSION = 1;
				DEVELOPMENT_TEAM = ZJNPXJSH76;
				GENERATE_INFOPLIST_FILE = YES;
				IPHONEOS_DEPLOYMENT_TARGET = 17.5;
				MARKETING_VERSION = 1.0;
				PRODUCT_BUNDLE_IDENTIFIER = "lion.spezillm-demoTests";
				PRODUCT_NAME = "$(TARGET_NAME)";
				SWIFT_EMIT_LOC_STRINGS = NO;
				SWIFT_VERSION = 5.0;
				TARGETED_DEVICE_FAMILY = "1,2";
				TEST_HOST = "$(BUILT_PRODUCTS_DIR)/spezillm_demo.app/$(BUNDLE_EXECUTABLE_FOLDER_PATH)/spezillm_demo";
			};
			name = Release;
		};
		968FFF6F2C3FA57C001E1A66 /* Debug */ = {
			isa = XCBuildConfiguration;
			buildSettings = {
				ALWAYS_EMBED_SWIFT_STANDARD_LIBRARIES = YES;
				CODE_SIGN_STYLE = Automatic;
				CURRENT_PROJECT_VERSION = 1;
				DEVELOPMENT_TEAM = ZJNPXJSH76;
				GENERATE_INFOPLIST_FILE = YES;
				MARKETING_VERSION = 1.0;
				PRODUCT_BUNDLE_IDENTIFIER = "lion.spezillm-demoUITests";
				PRODUCT_NAME = "$(TARGET_NAME)";
				SWIFT_EMIT_LOC_STRINGS = NO;
				SWIFT_VERSION = 5.0;
				TARGETED_DEVICE_FAMILY = "1,2";
				TEST_TARGET_NAME = spezillm_demo;
			};
			name = Debug;
		};
		968FFF702C3FA57C001E1A66 /* Release */ = {
			isa = XCBuildConfiguration;
			buildSettings = {
				ALWAYS_EMBED_SWIFT_STANDARD_LIBRARIES = YES;
				CODE_SIGN_STYLE = Automatic;
				CURRENT_PROJECT_VERSION = 1;
				DEVELOPMENT_TEAM = ZJNPXJSH76;
				GENERATE_INFOPLIST_FILE = YES;
				MARKETING_VERSION = 1.0;
				PRODUCT_BUNDLE_IDENTIFIER = "lion.spezillm-demoUITests";
				PRODUCT_NAME = "$(TARGET_NAME)";
				SWIFT_EMIT_LOC_STRINGS = NO;
				SWIFT_VERSION = 5.0;
				TARGETED_DEVICE_FAMILY = "1,2";
				TEST_TARGET_NAME = spezillm_demo;
			};
			name = Release;
		};
/* End XCBuildConfiguration section */

/* Begin XCConfigurationList section */
		968FFF3F2C3FA578001E1A66 /* Build configuration list for PBXProject "spezillm_demo" */ = {
			isa = XCConfigurationList;
			buildConfigurations = (
				968FFF662C3FA57C001E1A66 /* Debug */,
				968FFF672C3FA57C001E1A66 /* Release */,
			);
			defaultConfigurationIsVisible = 0;
			defaultConfigurationName = Release;
		};
		968FFF682C3FA57C001E1A66 /* Build configuration list for PBXNativeTarget "spezillm_demo" */ = {
			isa = XCConfigurationList;
			buildConfigurations = (
				968FFF692C3FA57C001E1A66 /* Debug */,
				968FFF6A2C3FA57C001E1A66 /* Release */,
			);
			defaultConfigurationIsVisible = 0;
			defaultConfigurationName = Release;
		};
		968FFF6B2C3FA57C001E1A66 /* Build configuration list for PBXNativeTarget "spezillm_demoTests" */ = {
			isa = XCConfigurationList;
			buildConfigurations = (
				968FFF6C2C3FA57C001E1A66 /* Debug */,
				968FFF6D2C3FA57C001E1A66 /* Release */,
			);
			defaultConfigurationIsVisible = 0;
			defaultConfigurationName = Release;
		};
		968FFF6E2C3FA57C001E1A66 /* Build configuration list for PBXNativeTarget "spezillm_demoUITests" */ = {
			isa = XCConfigurationList;
			buildConfigurations = (
				968FFF6F2C3FA57C001E1A66 /* Debug */,
				968FFF702C3FA57C001E1A66 /* Release */,
			);
			defaultConfigurationIsVisible = 0;
			defaultConfigurationName = Release;
		};
/* End XCConfigurationList section */

/* Begin XCRemoteSwiftPackageReference section */
		968FFF712C3FA664001E1A66 /* XCRemoteSwiftPackageReference "SpeziLLM" */ = {
			isa = XCRemoteSwiftPackageReference;
			repositoryURL = "https://github.com/StanfordSpezi/SpeziLLM.git";
			requirement = {
				kind = upToNextMajorVersion;
				minimumVersion = 0.8.3;
			};
		};
/* End XCRemoteSwiftPackageReference section */

/* Begin XCSwiftPackageProductDependency section */
		968FFF722C3FA664001E1A66 /* SpeziLLM */ = {
			isa = XCSwiftPackageProductDependency;
			package = 968FFF712C3FA664001E1A66 /* XCRemoteSwiftPackageReference "SpeziLLM" */;
			productName = SpeziLLM;
		};
		968FFF742C3FA664001E1A66 /* SpeziLLMFog */ = {
			isa = XCSwiftPackageProductDependency;
			package = 968FFF712C3FA664001E1A66 /* XCRemoteSwiftPackageReference "SpeziLLM" */;
			productName = SpeziLLMFog;
		};
		968FFF762C3FA664001E1A66 /* SpeziLLMLocal */ = {
			isa = XCSwiftPackageProductDependency;
			package = 968FFF712C3FA664001E1A66 /* XCRemoteSwiftPackageReference "SpeziLLM" */;
			productName = SpeziLLMLocal;
		};
		968FFF782C3FA664001E1A66 /* SpeziLLMLocalDownload */ = {
			isa = XCSwiftPackageProductDependency;
			package = 968FFF712C3FA664001E1A66 /* XCRemoteSwiftPackageReference "SpeziLLM" */;
			productName = SpeziLLMLocalDownload;
		};
		968FFF7A2C3FA664001E1A66 /* SpeziLLMOpenAI */ = {
			isa = XCSwiftPackageProductDependency;
			package = 968FFF712C3FA664001E1A66 /* XCRemoteSwiftPackageReference "SpeziLLM" */;
			productName = SpeziLLMOpenAI;
		};
/* End XCSwiftPackageProductDependency section */
	};
	rootObject = 968FFF3C2C3FA578001E1A66 /* Project object */;
}
