{
  "originHash" : "c3b7d24bdd989f36068e3e5e7cad2c4a654a91c121c6d568025629ec9f1e42ae",
  "pins" : [
    {
      "identity" : "llama.cpp",
      "kind" : "remoteSourceControl",
      "location" : "https://github.com/StanfordBDHG/llama.cpp",
      "state" : {
        "revision" : "6839853a321778906e210a33ee2c6aec52f34c97",
        "version" : "0.3.3"
      }
    },
    {
      "identity" : "openai",
      "kind" : "remoteSourceControl",
      "location" : "https://github.com/StanfordBDHG/OpenAI",
      "state" : {
        "revision" : "1ad95dd531d7c854a3f98f588b0eb68fa83e8a8c",
        "version" : "0.2.9"
      }
    },
    {
      "identity" : "spezi",
      "kind" : "remoteSourceControl",
      "location" : "https://github.com/StanfordSpezi/Spezi",
      "state" : {
        "revision" : "5ada3f3a18c86a658d140c6f4c45ca2e9d5e61ce",
        "version" : "1.4.0"
      }
    },
    {
      "identity" : "spezichat",
      "kind" : "remoteSourceControl",
      "location" : "https://github.com/StanfordSpezi/SpeziChat",
      "state" : {
        "revision" : "aaa10d71431b78ece8bf29f95c0050632714984d",
        "version" : "0.2.0"
      }
    },
    {
      "identity" : "spezifoundation",
      "kind" : "remoteSourceControl",
      "location" : "https://github.com/StanfordSpezi/SpeziFoundation",
      "state" : {
        "revision" : "3326feab3dac120c16af63243615592990d33516",
        "version" : "1.1.2"
      }
    },
    {
      "identity" : "spezillm",
      "kind" : "remoteSourceControl",
      "location" : "https://github.com/StanfordSpezi/SpeziLLM.git",
      "state" : {
        "revision" : "3663884f23e55c67c875a97c5da08ed172ea02ac",
        "version" : "0.8.3"
      }
    },
    {
      "identity" : "spezionboarding",
      "kind" : "remoteSourceControl",
      "location" : "https://github.com/StanfordSpezi/SpeziOnboarding",
      "state" : {
        "revision" : "8d6dda3501720a1952573439b21a503cbecd9e0f",
        "version" : "1.2.0"
      }
    },
    {
      "identity" : "spezispeech",
      "kind" : "remoteSourceControl",
      "location" : "https://github.com/StanfordSpezi/SpeziSpeech",
      "state" : {
        "revision" : "0b79f72fc8b0606e09787926446dfafb541669d3",
        "version" : "1.2.0"
      }
    },
    {
      "identity" : "spezistorage",
      "kind" : "remoteSourceControl",
      "location" : "https://github.com/StanfordSpezi/SpeziStorage",
      "state" : {
        "revision" : "b958df9b31f24800388a7bfc28f457ce7b82556c",
        "version" : "1.0.2"
      }
    },
    {
      "identity" : "speziviews",
      "kind" : "remoteSourceControl",
      "location" : "https://github.com/StanfordSpezi/SpeziViews",
      "state" : {
        "revision" : "ff61e6594677572df051b96905cc2a7a12cffd10",
        "version" : "1.5.0"
      }
    },
    {
      "identity" : "swift-collections",
      "kind" : "remoteSourceControl",
      "location" : "https://github.com/apple/swift-collections.git",
      "state" : {
        "revision" : "3d2dc41a01f9e49d84f0a3925fb858bed64f702d",
        "version" : "1.1.2"
      }
    },
    {
      "identity" : "xctruntimeassertions",
      "kind" : "remoteSourceControl",
      "location" : "https://github.com/StanfordBDHG/XCTRuntimeAssertions",
      "state" : {
        "revision" : "51da3403f128b120705571ce61e0fe190f8889e6",
        "version" : "1.0.1"
      }
    }
  ],
  "version" : 3
}
